
Microsoft Visual Studio Solution File, Format Version 12.00
Project("{FAE04EC0-301F-11D3-BF4B-00C04F79EFBC}") = "BranchActualizerConsoleApplication", "BranchActualizerConsoleApplication\BranchActualizerConsoleApplication.csproj", "{C81FEA60-B1CC-4125-B858-71C6D199B268}"
EndProject
Project("{FAE04EC0-301F-11D3-BF4B-00C04F79EFBC}") = "BranchActualizer", "BranchActualizer\BranchActualizer.csproj", "{5374B8DD-F670-433C-A097-D8B9E596A23B}"
EndProject
Global
	GlobalSection(SolutionConfigurationPlatforms) = preSolution
		Debug|Any CPU = Debug|Any CPU
		Release|Any CPU = Release|Any CPU
	EndGlobalSection
	GlobalSection(ProjectConfigurationPlatforms) = postSolution
		{C81FEA60-B1CC-4125-B858-71C6D199B268}.Debug|Any CPU.ActiveCfg = Debug|Any CPU
		{C81FEA60-B1CC-4125-B858-71C6D199B268}.Debug|Any CPU.Build.0 = Debug|Any CPU
		{C81FEA60-B1CC-4125-B858-71C6D199B268}.Release|Any CPU.ActiveCfg = Release|Any CPU
		{C81FEA60-B1CC-4125-B858-71C6D199B268}.Release|Any CPU.Build.0 = Release|Any CPU
		{5374B8DD-F670-433C-A097-D8B9E596A23B}.Debug|Any CPU.ActiveCfg = Debug|Any CPU
		{5374B8DD-F670-433C-A097-D8B9E596A23B}.Debug|Any CPU.Build.0 = Debug|Any CPU
		{5374B8DD-F670-433C-A097-D8B9E596A23B}.Release|Any CPU.ActiveCfg = Release|Any CPU
		{5374B8DD-F670-433C-A097-D8B9E596A23B}.Release|Any CPU.Build.0 = Release|Any CPU
	EndGlobalSection
EndGlobal
